// !$*UTF8*$!
{
	archiveVersion = 1;
	classes = {
	};
	objectVersion = 51;
	objects = {

/* Begin PBXBuildFile section */
		69C8ACEB2DC757EFF943E106 /* Pods_CharityBox.framework in Frameworks */ = {isa = PBXBuildFile; fileRef = 78172820ECB9DFB29FAB8378 /* Pods_CharityBox.framework */; };
		E14D700D27F9B412000C22B6 /* AppDelegate.swift in Sources */ = {isa = PBXBuildFile; fileRef = E14D700C27F9B412000C22B6 /* AppDelegate.swift */; };
		E14D700F27F9B412000C22B6 /* SceneDelegate.swift in Sources */ = {isa = PBXBuildFile; fileRef = E14D700E27F9B412000C22B6 /* SceneDelegate.swift */; };
		E14D701127F9B412000C22B6 /* ViewController.swift in Sources */ = {isa = PBXBuildFile; fileRef = E14D701027F9B412000C22B6 /* ViewController.swift */; };
		E14D701427F9B412000C22B6 /* Main.storyboard in Resources */ = {isa = PBXBuildFile; fileRef = E14D701227F9B412000C22B6 /* Main.storyboard */; };
		E14D701627F9B413000C22B6 /* Assets.xcassets in Resources */ = {isa = PBXBuildFile; fileRef = E14D701527F9B413000C22B6 /* Assets.xcassets */; };
		E14D701927F9B413000C22B6 /* LaunchScreen.storyboard in Resources */ = {isa = PBXBuildFile; fileRef = E14D701727F9B413000C22B6 /* LaunchScreen.storyboard */; };
		E14D702127F9B7EA000C22B6 /* OrganizationHomeViewController.swift in Sources */ = {isa = PBXBuildFile; fileRef = E14D702027F9B7EA000C22B6 /* OrganizationHomeViewController.swift */; };
		E14D702327F9B85B000C22B6 /* OrganizationDetailViewController.swift in Sources */ = {isa = PBXBuildFile; fileRef = E14D702227F9B85B000C22B6 /* OrganizationDetailViewController.swift */; };
		E14D702527F9BD9B000C22B6 /* Organization.swift in Sources */ = {isa = PBXBuildFile; fileRef = E14D702427F9BD9B000C22B6 /* Organization.swift */; };
		E14D702727F9BDAF000C22B6 /* OrganizationResponse.swift in Sources */ = {isa = PBXBuildFile; fileRef = E14D702627F9BDAF000C22B6 /* OrganizationResponse.swift */; };
		E14D702927F9CB0F000C22B6 /* OrganizationTableViewCell.swift in Sources */ = {isa = PBXBuildFile; fileRef = E14D702827F9CB0F000C22B6 /* OrganizationTableViewCell.swift */; };
		E14D702B27F9F980000C22B6 /* CampaignsHomeViewController.swift in Sources */ = {isa = PBXBuildFile; fileRef = E14D702A27F9F980000C22B6 /* CampaignsHomeViewController.swift */; };
		E14D702D27F9FC2D000C22B6 /* Campaigns.swift in Sources */ = {isa = PBXBuildFile; fileRef = E14D702C27F9FC2D000C22B6 /* Campaigns.swift */; };
		E14D703127F9FC62000C22B6 /* CampaignsTableViewCell.swift in Sources */ = {isa = PBXBuildFile; fileRef = E14D703027F9FC62000C22B6 /* CampaignsTableViewCell.swift */; };
		E14D703327F9FECD000C22B6 /* CampaignsResponse.swift in Sources */ = {isa = PBXBuildFile; fileRef = E14D703227F9FECD000C22B6 /* CampaignsResponse.swift */; };
		E14D703527FA102C000C22B6 /* CampaignDetailViewController.swift in Sources */ = {isa = PBXBuildFile; fileRef = E14D703427FA102C000C22B6 /* CampaignDetailViewController.swift */; };
		E14D703727FA3472000C22B6 /* CampaignsByCategoryViewController.swift in Sources */ = {isa = PBXBuildFile; fileRef = E14D703627FA3472000C22B6 /* CampaignsByCategoryViewController.swift */; };
/* End PBXBuildFile section */

/* Begin PBXFileReference section */
		3D6A986F9B78FFF8B3811CB4 /* Pods-CharityBox.debug.xcconfig */ = {isa = PBXFileReference; includeInIndex = 1; lastKnownFileType = text.xcconfig; name = "Pods-CharityBox.debug.xcconfig"; path = "Target Support Files/Pods-CharityBox/Pods-CharityBox.debug.xcconfig"; sourceTree = "<group>"; };
		78172820ECB9DFB29FAB8378 /* Pods_CharityBox.framework */ = {isa = PBXFileReference; explicitFileType = wrapper.framework; includeInIndex = 0; path = Pods_CharityBox.framework; sourceTree = BUILT_PRODUCTS_DIR; };
		E14D700927F9B412000C22B6 /* CharityBox.app */ = {isa = PBXFileReference; explicitFileType = wrapper.application; includeInIndex = 0; path = CharityBox.app; sourceTree = BUILT_PRODUCTS_DIR; };
		E14D700C27F9B412000C22B6 /* AppDelegate.swift */ = {isa = PBXFileReference; lastKnownFileType = sourcecode.swift; path = AppDelegate.swift; sourceTree = "<group>"; };
		E14D700E27F9B412000C22B6 /* SceneDelegate.swift */ = {isa = PBXFileReference; lastKnownFileType = sourcecode.swift; path = SceneDelegate.swift; sourceTree = "<group>"; };
		E14D701027F9B412000C22B6 /* ViewController.swift */ = {isa = PBXFileReference; lastKnownFileType = sourcecode.swift; path = ViewController.swift; sourceTree = "<group>"; };
		E14D701327F9B412000C22B6 /* Base */ = {isa = PBXFileReference; lastKnownFileType = file.storyboard; name = Base; path = Base.lproj/Main.storyboard; sourceTree = "<group>"; };
		E14D701527F9B413000C22B6 /* Assets.xcassets */ = {isa = PBXFileReference; lastKnownFileType = folder.assetcatalog; path = Assets.xcassets; sourceTree = "<group>"; };
		E14D701827F9B413000C22B6 /* Base */ = {isa = PBXFileReference; lastKnownFileType = file.storyboard; name = Base; path = Base.lproj/LaunchScreen.storyboard; sourceTree = "<group>"; };
		E14D701A27F9B413000C22B6 /* Info.plist */ = {isa = PBXFileReference; lastKnownFileType = text.plist.xml; path = Info.plist; sourceTree = "<group>"; };
		E14D702027F9B7EA000C22B6 /* OrganizationHomeViewController.swift */ = {isa = PBXFileReference; lastKnownFileType = sourcecode.swift; path = OrganizationHomeViewController.swift; sourceTree = "<group>"; };
		E14D702227F9B85B000C22B6 /* OrganizationDetailViewController.swift */ = {isa = PBXFileReference; lastKnownFileType = sourcecode.swift; path = OrganizationDetailViewController.swift; sourceTree = "<group>"; };
		E14D702427F9BD9B000C22B6 /* Organization.swift */ = {isa = PBXFileReference; lastKnownFileType = sourcecode.swift; path = Organization.swift; sourceTree = "<group>"; };
		E14D702627F9BDAF000C22B6 /* OrganizationResponse.swift */ = {isa = PBXFileReference; lastKnownFileType = sourcecode.swift; path = OrganizationResponse.swift; sourceTree = "<group>"; };
		E14D702827F9CB0F000C22B6 /* OrganizationTableViewCell.swift */ = {isa = PBXFileReference; lastKnownFileType = sourcecode.swift; path = OrganizationTableViewCell.swift; sourceTree = "<group>"; };
		E14D702A27F9F980000C22B6 /* CampaignsHomeViewController.swift */ = {isa = PBXFileReference; lastKnownFileType = sourcecode.swift; path = CampaignsHomeViewController.swift; sourceTree = "<group>"; };
		E14D702C27F9FC2D000C22B6 /* Campaigns.swift */ = {isa = PBXFileReference; lastKnownFileType = sourcecode.swift; path = Campaigns.swift; sourceTree = "<group>"; };
		E14D703027F9FC62000C22B6 /* CampaignsTableViewCell.swift */ = {isa = PBXFileReference; lastKnownFileType = sourcecode.swift; path = CampaignsTableViewCell.swift; sourceTree = "<group>"; };
		E14D703227F9FECD000C22B6 /* CampaignsResponse.swift */ = {isa = PBXFileReference; lastKnownFileType = sourcecode.swift; path = CampaignsResponse.swift; sourceTree = "<group>"; };
		E14D703427FA102C000C22B6 /* CampaignDetailViewController.swift */ = {isa = PBXFileReference; lastKnownFileType = sourcecode.swift; path = CampaignDetailViewController.swift; sourceTree = "<group>"; };
		E14D703627FA3472000C22B6 /* CampaignsByCategoryViewController.swift */ = {isa = PBXFileReference; lastKnownFileType = sourcecode.swift; path = CampaignsByCategoryViewController.swift; sourceTree = "<group>"; };
		E5501B97F77CB9B4A63E6D42 /* Pods-CharityBox.release.xcconfig */ = {isa = PBXFileReference; includeInIndex = 1; lastKnownFileType = text.xcconfig; name = "Pods-CharityBox.release.xcconfig"; path = "Target Support Files/Pods-CharityBox/Pods-CharityBox.release.xcconfig"; sourceTree = "<group>"; };
/* End PBXFileReference section */

/* Begin PBXFrameworksBuildPhase section */
		E14D700627F9B412000C22B6 /* Frameworks */ = {
			isa = PBXFrameworksBuildPhase;
			buildActionMask = 2147483647;
			files = (
				69C8ACEB2DC757EFF943E106 /* Pods_CharityBox.framework in Frameworks */,
			);
			runOnlyForDeploymentPostprocessing = 0;
		};
/* End PBXFrameworksBuildPhase section */

/* Begin PBXGroup section */
		2479E3FAF6BCE7DC4505D80A /* Frameworks */ = {
			isa = PBXGroup;
			children = (
				78172820ECB9DFB29FAB8378 /* Pods_CharityBox.framework */,
			);
			name = Frameworks;
			sourceTree = "<group>";
		};
		7C3D6ECC5DC8D16DC5D1A716 /* Pods */ = {
			isa = PBXGroup;
			children = (
				3D6A986F9B78FFF8B3811CB4 /* Pods-CharityBox.debug.xcconfig */,
				E5501B97F77CB9B4A63E6D42 /* Pods-CharityBox.release.xcconfig */,
			);
			path = Pods;
			sourceTree = "<group>";
		};
		E14D700027F9B412000C22B6 = {
			isa = PBXGroup;
			children = (
				E14D700B27F9B412000C22B6 /* CharityBox */,
				E14D700A27F9B412000C22B6 /* Products */,
				7C3D6ECC5DC8D16DC5D1A716 /* Pods */,
				2479E3FAF6BCE7DC4505D80A /* Frameworks */,
			);
			sourceTree = "<group>";
		};
		E14D700A27F9B412000C22B6 /* Products */ = {
			isa = PBXGroup;
			children = (
				E14D700927F9B412000C22B6 /* CharityBox.app */,
			);
			name = Products;
			sourceTree = "<group>";
		};
		E14D700B27F9B412000C22B6 /* CharityBox */ = {
			isa = PBXGroup;
			children = (
				E14D700C27F9B412000C22B6 /* AppDelegate.swift */,
				E14D700E27F9B412000C22B6 /* SceneDelegate.swift */,
				E14D701027F9B412000C22B6 /* ViewController.swift */,
				E14D701227F9B412000C22B6 /* Main.storyboard */,
				E14D701527F9B413000C22B6 /* Assets.xcassets */,
				E14D701727F9B413000C22B6 /* LaunchScreen.storyboard */,
				E14D701A27F9B413000C22B6 /* Info.plist */,
				E14D702027F9B7EA000C22B6 /* OrganizationHomeViewController.swift */,
				E14D702227F9B85B000C22B6 /* OrganizationDetailViewController.swift */,
				E14D702427F9BD9B000C22B6 /* Organization.swift */,
				E14D702627F9BDAF000C22B6 /* OrganizationResponse.swift */,
				E14D702827F9CB0F000C22B6 /* OrganizationTableViewCell.swift */,
				E14D702A27F9F980000C22B6 /* CampaignsHomeViewController.swift */,
				E14D702C27F9FC2D000C22B6 /* Campaigns.swift */,
				E14D703027F9FC62000C22B6 /* CampaignsTableViewCell.swift */,
				E14D703227F9FECD000C22B6 /* CampaignsResponse.swift */,
				E14D703427FA102C000C22B6 /* CampaignDetailViewController.swift */,
				E14D703627FA3472000C22B6 /* CampaignsByCategoryViewController.swift */,
			);
			path = CharityBox;
			sourceTree = "<group>";
		};
/* End PBXGroup section */

/* Begin PBXNativeTarget section */
		E14D700827F9B412000C22B6 /* CharityBox */ = {
			isa = PBXNativeTarget;
			buildConfigurationList = E14D701D27F9B413000C22B6 /* Build configuration list for PBXNativeTarget "CharityBox" */;
			buildPhases = (
				993EC18BEFFD999F909426CD /* [CP] Check Pods Manifest.lock */,
				E14D700527F9B412000C22B6 /* Sources */,
				E14D700627F9B412000C22B6 /* Frameworks */,
				E14D700727F9B412000C22B6 /* Resources */,
				7358E62CAA56E8F3CDC37946 /* [CP] Embed Pods Frameworks */,
			);
			buildRules = (
			);
			dependencies = (
			);
			name = CharityBox;
			productName = CharityBox;
			productReference = E14D700927F9B412000C22B6 /* CharityBox.app */;
			productType = "com.apple.product-type.application";
		};
/* End PBXNativeTarget section */

/* Begin PBXProject section */
		E14D700127F9B412000C22B6 /* Project object */ = {
			isa = PBXProject;
			attributes = {
				LastSwiftUpdateCheck = 1250;
				LastUpgradeCheck = 1250;
				TargetAttributes = {
					E14D700827F9B412000C22B6 = {
						CreatedOnToolsVersion = 12.5.1;
					};
				};
			};
			buildConfigurationList = E14D700427F9B412000C22B6 /* Build configuration list for PBXProject "CharityBox" */;
			compatibilityVersion = "Xcode 9.3";
			developmentRegion = en;
			hasScannedForEncodings = 0;
			knownRegions = (
				en,
				Base,
			);
			mainGroup = E14D700027F9B412000C22B6;
			productRefGroup = E14D700A27F9B412000C22B6 /* Products */;
			projectDirPath = "";
			projectRoot = "";
			targets = (
				E14D700827F9B412000C22B6 /* CharityBox */,
			);
		};
/* End PBXProject section */

/* Begin PBXResourcesBuildPhase section */
		E14D700727F9B412000C22B6 /* Resources */ = {
			isa = PBXResourcesBuildPhase;
			buildActionMask = 2147483647;
			files = (
				E14D701927F9B413000C22B6 /* LaunchScreen.storyboard in Resources */,
				E14D701627F9B413000C22B6 /* Assets.xcassets in Resources */,
				E14D701427F9B412000C22B6 /* Main.storyboard in Resources */,
			);
			runOnlyForDeploymentPostprocessing = 0;
		};
/* End PBXResourcesBuildPhase section */

/* Begin PBXShellScriptBuildPhase section */
		7358E62CAA56E8F3CDC37946 /* [CP] Embed Pods Frameworks */ = {
			isa = PBXShellScriptBuildPhase;
			buildActionMask = 2147483647;
			files = (
			);
			inputFileListPaths = (
				"${PODS_ROOT}/Target Support Files/Pods-CharityBox/Pods-CharityBox-frameworks-${CONFIGURATION}-input-files.xcfilelist",
			);
			name = "[CP] Embed Pods Frameworks";
			outputFileListPaths = (
				"${PODS_ROOT}/Target Support Files/Pods-CharityBox/Pods-CharityBox-frameworks-${CONFIGURATION}-output-files.xcfilelist",
			);
			runOnlyForDeploymentPostprocessing = 0;
			shellPath = /bin/sh;
			shellScript = "\"${PODS_ROOT}/Target Support Files/Pods-CharityBox/Pods-CharityBox-frameworks.sh\"\n";
			showEnvVarsInLog = 0;
		};
		993EC18BEFFD999F909426CD /* [CP] Check Pods Manifest.lock */ = {
			isa = PBXShellScriptBuildPhase;
			buildActionMask = 2147483647;
			files = (
			);
			inputFileListPaths = (
			);
			inputPaths = (
				"${PODS_PODFILE_DIR_PATH}/Podfile.lock",
				"${PODS_ROOT}/Manifest.lock",
			);
			name = "[CP] Check Pods Manifest.lock";
			outputFileListPaths = (
			);
			outputPaths = (
				"$(DERIVED_FILE_DIR)/Pods-CharityBox-checkManifestLockResult.txt",
			);
			runOnlyForDeploymentPostprocessing = 0;
			shellPath = /bin/sh;
			shellScript = "diff \"${PODS_PODFILE_DIR_PATH}/Podfile.lock\" \"${PODS_ROOT}/Manifest.lock\" > /dev/null\nif [ $? != 0 ] ; then\n    # print error to STDERR\n    echo \"error: The sandbox is not in sync with the Podfile.lock. Run 'pod install' or update your CocoaPods installation.\" >&2\n    exit 1\nfi\n# This output is used by Xcode 'outputs' to avoid re-running this script phase.\necho \"SUCCESS\" > \"${SCRIPT_OUTPUT_FILE_0}\"\n";
			showEnvVarsInLog = 0;
		};
/* End PBXShellScriptBuildPhase section */

/* Begin PBXSourcesBuildPhase section */
		E14D700527F9B412000C22B6 /* Sources */ = {
			isa = PBXSourcesBuildPhase;
			buildActionMask = 2147483647;
			files = (
				E14D702127F9B7EA000C22B6 /* OrganizationHomeViewController.swift in Sources */,
				E14D701127F9B412000C22B6 /* ViewController.swift in Sources */,
				E14D702927F9CB0F000C22B6 /* OrganizationTableViewCell.swift in Sources */,
				E14D700D27F9B412000C22B6 /* AppDelegate.swift in Sources */,
				E14D702327F9B85B000C22B6 /* OrganizationDetailViewController.swift in Sources */,
				E14D702527F9BD9B000C22B6 /* Organization.swift in Sources */,
				E14D703127F9FC62000C22B6 /* CampaignsTableViewCell.swift in Sources */,
				E14D703727FA3472000C22B6 /* CampaignsByCategoryViewController.swift in Sources */,
				E14D703527FA102C000C22B6 /* CampaignDetailViewController.swift in Sources */,
				E14D700F27F9B412000C22B6 /* SceneDelegate.swift in Sources */,
				E14D703327F9FECD000C22B6 /* CampaignsResponse.swift in Sources */,
				E14D702D27F9FC2D000C22B6 /* Campaigns.swift in Sources */,
				E14D702B27F9F980000C22B6 /* CampaignsHomeViewController.swift in Sources */,
				E14D702727F9BDAF000C22B6 /* OrganizationResponse.swift in Sources */,
			);
			runOnlyForDeploymentPostprocessing = 0;
		};
/* End PBXSourcesBuildPhase section */

/* Begin PBXVariantGroup section */
		E14D701227F9B412000C22B6 /* Main.storyboard */ = {
			isa = PBXVariantGroup;
			children = (
				E14D701327F9B412000C22B6 /* Base */,
			);
			name = Main.storyboard;
			sourceTree = "<group>";
		};
		E14D701727F9B413000C22B6 /* LaunchScreen.storyboard */ = {
			isa = PBXVariantGroup;
			children = (
				E14D701827F9B413000C22B6 /* Base */,
			);
			name = LaunchScreen.storyboard;
			sourceTree = "<group>";
		};
/* End PBXVariantGroup section */

/* Begin XCBuildConfiguration section */
		E14D701B27F9B413000C22B6 /* Debug */ = {
			isa = XCBuildConfiguration;
			buildSettings = {
				ALWAYS_SEARCH_USER_PATHS = NO;
				CLANG_ANALYZER_NONNULL = YES;
				CLANG_ANALYZER_NUMBER_OBJECT_CONVERSION = YES_AGGRESSIVE;
				CLANG_CXX_LANGUAGE_STANDARD = "gnu++14";
				CLANG_CXX_LIBRARY = "libc++";
				CLANG_ENABLE_MODULES = YES;
				CLANG_ENABLE_OBJC_ARC = YES;
				CLANG_ENABLE_OBJC_WEAK = YES;
				CLANG_WARN_BLOCK_CAPTURE_AUTORELEASING = YES;
				CLANG_WARN_BOOL_CONVERSION = YES;
				CLANG_WARN_COMMA = YES;
				CLANG_WARN_CONSTANT_CONVERSION = YES;
				CLANG_WARN_DEPRECATED_OBJC_IMPLEMENTATIONS = YES;
				CLANG_WARN_DIRECT_OBJC_ISA_USAGE = YES_ERROR;
				CLANG_WARN_DOCUMENTATION_COMMENTS = YES;
				CLANG_WARN_EMPTY_BODY = YES;
				CLANG_WARN_ENUM_CONVERSION = YES;
				CLANG_WARN_INFINITE_RECURSION = YES;
				CLANG_WARN_INT_CONVERSION = YES;
				CLANG_WARN_NON_LITERAL_NULL_CONVERSION = YES;
				CLANG_WARN_OBJC_IMPLICIT_RETAIN_SELF = YES;
				CLANG_WARN_OBJC_LITERAL_CONVERSION = YES;
				CLANG_WARN_OBJC_ROOT_CLASS = YES_ERROR;
				CLANG_WARN_QUOTED_INCLUDE_IN_FRAMEWORK_HEADER = YES;
				CLANG_WARN_RANGE_LOOP_ANALYSIS = YES;
				CLANG_WARN_STRICT_PROTOTYPES = YES;
				CLANG_WARN_SUSPICIOUS_MOVE = YES;
				CLANG_WARN_UNGUARDED_AVAILABILITY = YES_AGGRESSIVE;
				CLANG_WARN_UNREACHABLE_CODE = YES;
				CLANG_WARN__DUPLICATE_METHOD_MATCH = YES;
				COPY_PHASE_STRIP = NO;
				DEBUG_INFORMATION_FORMAT = dwarf;
				ENABLE_STRICT_OBJC_MSGSEND = YES;
				ENABLE_TESTABILITY = YES;
				GCC_C_LANGUAGE_STANDARD = gnu11;
				GCC_DYNAMIC_NO_PIC = NO;
				GCC_NO_COMMON_BLOCKS = YES;
				GCC_OPTIMIZATION_LEVEL = 0;
				GCC_PREPROCESSOR_DEFINITIONS = (
					"DEBUG=1",
					"$(inherited)",
				);
				GCC_WARN_64_TO_32_BIT_CONVERSION = YES;
				GCC_WARN_ABOUT_RETURN_TYPE = YES_ERROR;
				GCC_WARN_UNDECLARED_SELECTOR = YES;
				GCC_WARN_UNINITIALIZED_AUTOS = YES_AGGRESSIVE;
				GCC_WARN_UNUSED_FUNCTION = YES;
				GCC_WARN_UNUSED_VARIABLE = YES;
				IPHONEOS_DEPLOYMENT_TARGET = 14.5;
				MTL_ENABLE_DEBUG_INFO = INCLUDE_SOURCE;
				MTL_FAST_MATH = YES;
				ONLY_ACTIVE_ARCH = YES;
				SDKROOT = iphoneos;
				SWIFT_ACTIVE_COMPILATION_CONDITIONS = DEBUG;
				SWIFT_OPTIMIZATION_LEVEL = "-Onone";
			};
			name = Debug;
		};
		E14D701C27F9B413000C22B6 /* Release */ = {
			isa = XCBuildConfiguration;
			buildSettings = {
				ALWAYS_SEARCH_USER_PATHS = NO;
				CLANG_ANALYZER_NONNULL = YES;
				CLANG_ANALYZER_NUMBER_OBJECT_CONVERSION = YES_AGGRESSIVE;
				CLANG_CXX_LANGUAGE_STANDARD = "gnu++14";
				CLANG_CXX_LIBRARY = "libc++";
				CLANG_ENABLE_MODULES = YES;
				CLANG_ENABLE_OBJC_ARC = YES;
				CLANG_ENABLE_OBJC_WEAK = YES;
				CLANG_WARN_BLOCK_CAPTURE_AUTORELEASING = YES;
				CLANG_WARN_BOOL_CONVERSION = YES;
				CLANG_WARN_COMMA = YES;
				CLANG_WARN_CONSTANT_CONVERSION = YES;
				CLANG_WARN_DEPRECATED_OBJC_IMPLEMENTATIONS = YES;
				CLANG_WARN_DIRECT_OBJC_ISA_USAGE = YES_ERROR;
				CLANG_WARN_DOCUMENTATION_COMMENTS = YES;
				CLANG_WARN_EMPTY_BODY = YES;
				CLANG_WARN_ENUM_CONVERSION = YES;
				CLANG_WARN_INFINITE_RECURSION = YES;
				CLANG_WARN_INT_CONVERSION = YES;
				CLANG_WARN_NON_LITERAL_NULL_CONVERSION = YES;
				CLANG_WARN_OBJC_IMPLICIT_RETAIN_SELF = YES;
				CLANG_WARN_OBJC_LITERAL_CONVERSION = YES;
				CLANG_WARN_OBJC_ROOT_CLASS = YES_ERROR;
				CLANG_WARN_QUOTED_INCLUDE_IN_FRAMEWORK_HEADER = YES;
				CLANG_WARN_RANGE_LOOP_ANALYSIS = YES;
				CLANG_WARN_STRICT_PROTOTYPES = YES;
				CLANG_WARN_SUSPICIOUS_MOVE = YES;
				CLANG_WARN_UNGUARDED_AVAILABILITY = YES_AGGRESSIVE;
				CLANG_WARN_UNREACHABLE_CODE = YES;
				CLANG_WARN__DUPLICATE_METHOD_MATCH = YES;
				COPY_PHASE_STRIP = NO;
				DEBUG_INFORMATION_FORMAT = "dwarf-with-dsym";
				ENABLE_NS_ASSERTIONS = NO;
				ENABLE_STRICT_OBJC_MSGSEND = YES;
				GCC_C_LANGUAGE_STANDARD = gnu11;
				GCC_NO_COMMON_BLOCKS = YES;
				GCC_WARN_64_TO_32_BIT_CONVERSION = YES;
				GCC_WARN_ABOUT_RETURN_TYPE = YES_ERROR;
				GCC_WARN_UNDECLARED_SELECTOR = YES;
				GCC_WARN_UNINITIALIZED_AUTOS = YES_AGGRESSIVE;
				GCC_WARN_UNUSED_FUNCTION = YES;
				GCC_WARN_UNUSED_VARIABLE = YES;
				IPHONEOS_DEPLOYMENT_TARGET = 14.5;
				MTL_ENABLE_DEBUG_INFO = NO;
				MTL_FAST_MATH = YES;
				SDKROOT = iphoneos;
				SWIFT_COMPILATION_MODE = wholemodule;
				SWIFT_OPTIMIZATION_LEVEL = "-O";
				VALIDATE_PRODUCT = YES;
			};
			name = Release;
		};
		E14D701E27F9B413000C22B6 /* Debug */ = {
			isa = XCBuildConfiguration;
			baseConfigurationReference = 3D6A986F9B78FFF8B3811CB4 /* Pods-CharityBox.debug.xcconfig */;
			buildSettings = {
				ASSETCATALOG_COMPILER_APPICON_NAME = AppIcon;
				ASSETCATALOG_COMPILER_GLOBAL_ACCENT_COLOR_NAME = AccentColor;
				CODE_SIGN_STYLE = Automatic;
				INFOPLIST_FILE = CharityBox/Info.plist;
				LD_RUNPATH_SEARCH_PATHS = (
					"$(inherited)",
					"@executable_path/Frameworks",
				);
				PRODUCT_BUNDLE_IDENTIFIER = celik.CharityBox;
				PRODUCT_NAME = "$(TARGET_NAME)";
				SWIFT_VERSION = 5.0;
				TARGETED_DEVICE_FAMILY = "1,2";
			};
			name = Debug;
		};
		E14D701F27F9B413000C22B6 /* Release */ = {
			isa = XCBuildConfiguration;
			baseConfigurationReference = E5501B97F77CB9B4A63E6D42 /* Pods-CharityBox.release.xcconfig */;
			buildSettings = {
				ASSETCATALOG_COMPILER_APPICON_NAME = AppIcon;
				ASSETCATALOG_COMPILER_GLOBAL_ACCENT_COLOR_NAME = AccentColor;
				CODE_SIGN_STYLE = Automatic;
				INFOPLIST_FILE = CharityBox/Info.plist;
				LD_RUNPATH_SEARCH_PATHS = (
					"$(inherited)",
					"@executable_path/Frameworks",
				);
				PRODUCT_BUNDLE_IDENTIFIER = celik.CharityBox;
				PRODUCT_NAME = "$(TARGET_NAME)";
				SWIFT_VERSION = 5.0;
				TARGETED_DEVICE_FAMILY = "1,2";
			};
			name = Release;
		};
/* End XCBuildConfiguration section */

/* Begin XCConfigurationList section */
		E14D700427F9B412000C22B6 /* Build configuration list for PBXProject "CharityBox" */ = {
			isa = XCConfigurationList;
			buildConfigurations = (
				E14D701B27F9B413000C22B6 /* Debug */,
				E14D701C27F9B413000C22B6 /* Release */,
			);
			defaultConfigurationIsVisible = 0;
			defaultConfigurationName = Release;
		};
		E14D701D27F9B413000C22B6 /* Build configuration list for PBXNativeTarget "CharityBox" */ = {
			isa = XCConfigurationList;
			buildConfigurations = (
				E14D701E27F9B413000C22B6 /* Debug */,
				E14D701F27F9B413000C22B6 /* Release */,
			);
			defaultConfigurationIsVisible = 0;
			defaultConfigurationName = Release;
		};
/* End XCConfigurationList section */
	};
	rootObject = E14D700127F9B412000C22B6 /* Project object */;
}
